
Microsoft Visual Studio Solution File, Format Version 12.00
# Visual Studio 15
VisualStudioVersion = 15.0.27703.2035
MinimumVisualStudioVersion = 10.0.40219.1
Project("{8BC9CEB8-8B4A-11D0-8D11-00A0C91BC942}") = "AI_Lab2b", "AI_Lab2b.vcxproj", "{9D50A2CC-4D18-4620-9147-8CCD0392DC11}"
EndProject
Global
	GlobalSection(SolutionConfigurationPlatforms) = preSolution
		Debug|x64 = Debug|x64
		Debug|x86 = Debug|x86
		Release|x64 = Release|x64
		Release|x86 = Release|x86
	EndGlobalSection
	GlobalSection(ProjectConfigurationPlatforms) = postSolution
		{9D50A2CC-4D18-4620-9147-8CCD0392DC11}.Debug|x64.ActiveCfg = Debug|x64
		{9D50A2CC-4D18-4620-9147-8CCD0392DC11}.Debug|x64.Build.0 = Debug|x64
		{9D50A2CC-4D18-4620-9147-8CCD0392DC11}.Debug|x86.ActiveCfg = Debug|Win32
		{9D50A2CC-4D18-4620-9147-8CCD0392DC11}.Debug|x86.Build.0 = Debug|Win32
		{9D50A2CC-4D18-4620-9147-8CCD0392DC11}.Release|x64.ActiveCfg = Release|x64
		{9D50A2CC-4D18-4620-9147-8CCD0392DC11}.Release|x64.Build.0 = Release|x64
		{9D50A2CC-4D18-4620-9147-8CCD0392DC11}.Release|x86.ActiveCfg = Release|Win32
		{9D50A2CC-4D18-4620-9147-8CCD0392DC11}.Release|x86.Build.0 = Release|Win32
	EndGlobalSection
	GlobalSection(SolutionProperties) = preSolution
		HideSolutionNode = FALSE
	EndGlobalSection
	GlobalSection(ExtensibilityGlobals) = postSolution
		SolutionGuid = {F38C0296-FF46-400B-9EE0-B32DB6717692}
	EndGlobalSection
EndGlobal
